
Microsoft Visual Studio Solution File, Format Version 12.00
# Visual Studio Version 17
VisualStudioVersion = 17.5.33516.290
MinimumVisualStudioVersion = 10.0.40219.1
Project("{FAE04EC0-301F-11D3-BF4B-00C04F79EFBC}") = "DIAssignment", "DIAssignment\DIAssignment.csproj", "{8CC8D902-02C8-411A-8A7B-AC3497673112}"
EndProject
Project("{FAE04EC0-301F-11D3-BF4B-00C04F79EFBC}") = "Services", "Services\Services.csproj", "{CF2C46A7-1062-432A-9FDA-3294F94E30AD}"
EndProject
Project("{FAE04EC0-301F-11D3-BF4B-00C04F79EFBC}") = "ServiceContracts", "ServiceContracts\ServiceContracts.csproj", "{B80F63CC-802A-489B-89B5-432028887FE7}"
EndProject
Project("{FAE04EC0-301F-11D3-BF4B-00C04F79EFBC}") = "Models", "Models\Models.csproj", "{97CCC3E8-BCFC-4238-8633-8F88DA5BABE1}"
EndProject
Global
	GlobalSection(SolutionConfigurationPlatforms) = preSolution
		Debug|Any CPU = Debug|Any CPU
		Release|Any CPU = Release|Any CPU
	EndGlobalSection
	GlobalSection(ProjectConfigurationPlatforms) = postSolution
		{8CC8D902-02C8-411A-8A7B-AC3497673112}.Debug|Any CPU.ActiveCfg = Debug|Any CPU
		{8CC8D902-02C8-411A-8A7B-AC3497673112}.Debug|Any CPU.Build.0 = Debug|Any CPU
		{8CC8D902-02C8-411A-8A7B-AC3497673112}.Release|Any CPU.ActiveCfg = Release|Any CPU
		{8CC8D902-02C8-411A-8A7B-AC3497673112}.Release|Any CPU.Build.0 = Release|Any CPU
		{CF2C46A7-1062-432A-9FDA-3294F94E30AD}.Debug|Any CPU.ActiveCfg = Debug|Any CPU
		{CF2C46A7-1062-432A-9FDA-3294F94E30AD}.Debug|Any CPU.Build.0 = Debug|Any CPU
		{CF2C46A7-1062-432A-9FDA-3294F94E30AD}.Release|Any CPU.ActiveCfg = Release|Any CPU
		{CF2C46A7-1062-432A-9FDA-3294F94E30AD}.Release|Any CPU.Build.0 = Release|Any CPU
		{B80F63CC-802A-489B-89B5-432028887FE7}.Debug|Any CPU.ActiveCfg = Debug|Any CPU
		{B80F63CC-802A-489B-89B5-432028887FE7}.Debug|Any CPU.Build.0 = Debug|Any CPU
		{B80F63CC-802A-489B-89B5-432028887FE7}.Release|Any CPU.ActiveCfg = Release|Any CPU
		{B80F63CC-802A-489B-89B5-432028887FE7}.Release|Any CPU.Build.0 = Release|Any CPU
		{97CCC3E8-BCFC-4238-8633-8F88DA5BABE1}.Debug|Any CPU.ActiveCfg = Debug|Any CPU
		{97CCC3E8-BCFC-4238-8633-8F88DA5BABE1}.Debug|Any CPU.Build.0 = Debug|Any CPU
		{97CCC3E8-BCFC-4238-8633-8F88DA5BABE1}.Release|Any CPU.ActiveCfg = Release|Any CPU
		{97CCC3E8-BCFC-4238-8633-8F88DA5BABE1}.Release|Any CPU.Build.0 = Release|Any CPU
	EndGlobalSection
	GlobalSection(SolutionProperties) = preSolution
		HideSolutionNode = FALSE
	EndGlobalSection
	GlobalSection(ExtensibilityGlobals) = postSolution
		SolutionGuid = {E5A3E676-39AF-4E15-AE42-68A5D07DF351}
	EndGlobalSection
EndGlobal
